// !$*UTF8*$!
{
	archiveVersion = 1;
	classes = {
	};
	objectVersion = 50;
	objects = {

/* Begin PBXBuildFile section */
		417EE6C525CA059800FBD958 /* Chris_TravelsApp.swift in Sources */ = {isa = PBXBuildFile; fileRef = 417EE6C425CA059800FBD958 /* Chris_TravelsApp.swift */; };
		417EE6C725CA059800FBD958 /* ContentView.swift in Sources */ = {isa = PBXBuildFile; fileRef = 417EE6C625CA059800FBD958 /* ContentView.swift */; };
		417EE6C925CA059C00FBD958 /* Assets.xcassets in Resources */ = {isa = PBXBuildFile; fileRef = 417EE6C825CA059C00FBD958 /* Assets.xcassets */; };
		417EE6CC25CA059C00FBD958 /* Preview Assets.xcassets in Resources */ = {isa = PBXBuildFile; fileRef = 417EE6CB25CA059C00FBD958 /* Preview Assets.xcassets */; };
		417EE6D725CA059D00FBD958 /* Chris_TravelsTests.swift in Sources */ = {isa = PBXBuildFile; fileRef = 417EE6D625CA059D00FBD958 /* Chris_TravelsTests.swift */; };
		417EE6E225CA059D00FBD958 /* Chris_TravelsUITests.swift in Sources */ = {isa = PBXBuildFile; fileRef = 417EE6E125CA059D00FBD958 /* Chris_TravelsUITests.swift */; };
/* End PBXBuildFile section */

/* Begin PBXContainerItemProxy section */
		417EE6D325CA059D00FBD958 /* PBXContainerItemProxy */ = {
			isa = PBXContainerItemProxy;
			containerPortal = 417EE6B925CA059700FBD958 /* Project object */;
			proxyType = 1;
			remoteGlobalIDString = 417EE6C025CA059800FBD958;
			remoteInfo = "Chris Travels";
		};
		417EE6DE25CA059D00FBD958 /* PBXContainerItemProxy */ = {
			isa = PBXContainerItemProxy;
			containerPortal = 417EE6B925CA059700FBD958 /* Project object */;
			proxyType = 1;
			remoteGlobalIDString = 417EE6C025CA059800FBD958;
			remoteInfo = "Chris Travels";
		};
/* End PBXContainerItemProxy section */

/* Begin PBXFileReference section */
		417EE6C125CA059800FBD958 /* Chris Travels.app */ = {isa = PBXFileReference; explicitFileType = wrapper.application; includeInIndex = 0; path = "Chris Travels.app"; sourceTree = BUILT_PRODUCTS_DIR; };
		417EE6C425CA059800FBD958 /* Chris_TravelsApp.swift */ = {isa = PBXFileReference; lastKnownFileType = sourcecode.swift; path = Chris_TravelsApp.swift; sourceTree = "<group>"; };
		417EE6C625CA059800FBD958 /* ContentView.swift */ = {isa = PBXFileReference; lastKnownFileType = sourcecode.swift; path = ContentView.swift; sourceTree = "<group>"; };
		417EE6C825CA059C00FBD958 /* Assets.xcassets */ = {isa = PBXFileReference; lastKnownFileType = folder.assetcatalog; path = Assets.xcassets; sourceTree = "<group>"; };
		417EE6CB25CA059C00FBD958 /* Preview Assets.xcassets */ = {isa = PBXFileReference; lastKnownFileType = folder.assetcatalog; path = "Preview Assets.xcassets"; sourceTree = "<group>"; };
		417EE6CD25CA059C00FBD958 /* Info.plist */ = {isa = PBXFileReference; lastKnownFileType = text.plist.xml; path = Info.plist; sourceTree = "<group>"; };
		417EE6D225CA059D00FBD958 /* Chris TravelsTests.xctest */ = {isa = PBXFileReference; explicitFileType = wrapper.cfbundle; includeInIndex = 0; path = "Chris TravelsTests.xctest"; sourceTree = BUILT_PRODUCTS_DIR; };
		417EE6D625CA059D00FBD958 /* Chris_TravelsTests.swift */ = {isa = PBXFileReference; lastKnownFileType = sourcecode.swift; path = Chris_TravelsTests.swift; sourceTree = "<group>"; };
		417EE6D825CA059D00FBD958 /* Info.plist */ = {isa = PBXFileReference; lastKnownFileType = text.plist.xml; path = Info.plist; sourceTree = "<group>"; };
		417EE6DD25CA059D00FBD958 /* Chris TravelsUITests.xctest */ = {isa = PBXFileReference; explicitFileType = wrapper.cfbundle; includeInIndex = 0; path = "Chris TravelsUITests.xctest"; sourceTree = BUILT_PRODUCTS_DIR; };
		417EE6E125CA059D00FBD958 /* Chris_TravelsUITests.swift */ = {isa = PBXFileReference; lastKnownFileType = sourcecode.swift; path = Chris_TravelsUITests.swift; sourceTree = "<group>"; };
		417EE6E325CA059D00FBD958 /* Info.plist */ = {isa = PBXFileReference; lastKnownFileType = text.plist.xml; path = Info.plist; sourceTree = "<group>"; };
/* End PBXFileReference section */

/* Begin PBXFrameworksBuildPhase section */
		417EE6BE25CA059800FBD958 /* Frameworks */ = {
			isa = PBXFrameworksBuildPhase;
			buildActionMask = 2147483647;
			files = (
			);
			runOnlyForDeploymentPostprocessing = 0;
		};
		417EE6CF25CA059D00FBD958 /* Frameworks */ = {
			isa = PBXFrameworksBuildPhase;
			buildActionMask = 2147483647;
			files = (
			);
			runOnlyForDeploymentPostprocessing = 0;
		};
		417EE6DA25CA059D00FBD958 /* Frameworks */ = {
			isa = PBXFrameworksBuildPhase;
			buildActionMask = 2147483647;
			files = (
			);
			runOnlyForDeploymentPostprocessing = 0;
		};
/* End PBXFrameworksBuildPhase section */

/* Begin PBXGroup section */
		417EE6B825CA059700FBD958 = {
			isa = PBXGroup;
			children = (
				417EE6C325CA059800FBD958 /* Chris Travels */,
				417EE6D525CA059D00FBD958 /* Chris TravelsTests */,
				417EE6E025CA059D00FBD958 /* Chris TravelsUITests */,
				417EE6C225CA059800FBD958 /* Products */,
			);
			sourceTree = "<group>";
		};
		417EE6C225CA059800FBD958 /* Products */ = {
			isa = PBXGroup;
			children = (
				417EE6C125CA059800FBD958 /* Chris Travels.app */,
				417EE6D225CA059D00FBD958 /* Chris TravelsTests.xctest */,
				417EE6DD25CA059D00FBD958 /* Chris TravelsUITests.xctest */,
			);
			name = Products;
			sourceTree = "<group>";
		};
		417EE6C325CA059800FBD958 /* Chris Travels */ = {
			isa = PBXGroup;
			children = (
				417EE6C425CA059800FBD958 /* Chris_TravelsApp.swift */,
				417EE6C625CA059800FBD958 /* ContentView.swift */,
				417EE6C825CA059C00FBD958 /* Assets.xcassets */,
				417EE6CD25CA059C00FBD958 /* Info.plist */,
				417EE6CA25CA059C00FBD958 /* Preview Content */,
			);
			path = "Chris Travels";
			sourceTree = "<group>";
		};
		417EE6CA25CA059C00FBD958 /* Preview Content */ = {
			isa = PBXGroup;
			children = (
				417EE6CB25CA059C00FBD958 /* Preview Assets.xcassets */,
			);
			path = "Preview Content";
			sourceTree = "<group>";
		};
		417EE6D525CA059D00FBD958 /* Chris TravelsTests */ = {
			isa = PBXGroup;
			children = (
				417EE6D625CA059D00FBD958 /* Chris_TravelsTests.swift */,
				417EE6D825CA059D00FBD958 /* Info.plist */,
			);
			path = "Chris TravelsTests";
			sourceTree = "<group>";
		};
		417EE6E025CA059D00FBD958 /* Chris TravelsUITests */ = {
			isa = PBXGroup;
			children = (
				417EE6E125CA059D00FBD958 /* Chris_TravelsUITests.swift */,
				417EE6E325CA059D00FBD958 /* Info.plist */,
			);
			path = "Chris TravelsUITests";
			sourceTree = "<group>";
		};
/* End PBXGroup section */

/* Begin PBXNativeTarget section */
		417EE6C025CA059800FBD958 /* Chris Travels */ = {
			isa = PBXNativeTarget;
			buildConfigurationList = 417EE6E625CA059D00FBD958 /* Build configuration list for PBXNativeTarget "Chris Travels" */;
			buildPhases = (
				417EE6BD25CA059800FBD958 /* Sources */,
				417EE6BE25CA059800FBD958 /* Frameworks */,
				417EE6BF25CA059800FBD958 /* Resources */,
			);
			buildRules = (
			);
			dependencies = (
			);
			name = "Chris Travels";
			productName = "Chris Travels";
			productReference = 417EE6C125CA059800FBD958 /* Chris Travels.app */;
			productType = "com.apple.product-type.application";
		};
		417EE6D125CA059D00FBD958 /* Chris TravelsTests */ = {
			isa = PBXNativeTarget;
			buildConfigurationList = 417EE6E925CA059D00FBD958 /* Build configuration list for PBXNativeTarget "Chris TravelsTests" */;
			buildPhases = (
				417EE6CE25CA059D00FBD958 /* Sources */,
				417EE6CF25CA059D00FBD958 /* Frameworks */,
				417EE6D025CA059D00FBD958 /* Resources */,
			);
			buildRules = (
			);
			dependencies = (
				417EE6D425CA059D00FBD958 /* PBXTargetDependency */,
			);
			name = "Chris TravelsTests";
			productName = "Chris TravelsTests";
			productReference = 417EE6D225CA059D00FBD958 /* Chris TravelsTests.xctest */;
			productType = "com.apple.product-type.bundle.unit-test";
		};
		417EE6DC25CA059D00FBD958 /* Chris TravelsUITests */ = {
			isa = PBXNativeTarget;
			buildConfigurationList = 417EE6EC25CA059D00FBD958 /* Build configuration list for PBXNativeTarget "Chris TravelsUITests" */;
			buildPhases = (
				417EE6D925CA059D00FBD958 /* Sources */,
				417EE6DA25CA059D00FBD958 /* Frameworks */,
				417EE6DB25CA059D00FBD958 /* Resources */,
			);
			buildRules = (
			);
			dependencies = (
				417EE6DF25CA059D00FBD958 /* PBXTargetDependency */,
			);
			name = "Chris TravelsUITests";
			productName = "Chris TravelsUITests";
			productReference = 417EE6DD25CA059D00FBD958 /* Chris TravelsUITests.xctest */;
			productType = "com.apple.product-type.bundle.ui-testing";
		};
/* End PBXNativeTarget section */

/* Begin PBXProject section */
		417EE6B925CA059700FBD958 /* Project object */ = {
			isa = PBXProject;
			attributes = {
				LastSwiftUpdateCheck = 1240;
				LastUpgradeCheck = 1240;
				TargetAttributes = {
					417EE6C025CA059800FBD958 = {
						CreatedOnToolsVersion = 12.4;
					};
					417EE6D125CA059D00FBD958 = {
						CreatedOnToolsVersion = 12.4;
						TestTargetID = 417EE6C025CA059800FBD958;
					};
					417EE6DC25CA059D00FBD958 = {
						CreatedOnToolsVersion = 12.4;
						TestTargetID = 417EE6C025CA059800FBD958;
					};
				};
			};
			buildConfigurationList = 417EE6BC25CA059700FBD958 /* Build configuration list for PBXProject "Chris Travels" */;
			compatibilityVersion = "Xcode 9.3";
			developmentRegion = en;
			hasScannedForEncodings = 0;
			knownRegions = (
				en,
				Base,
			);
			mainGroup = 417EE6B825CA059700FBD958;
			productRefGroup = 417EE6C225CA059800FBD958 /* Products */;
			projectDirPath = "";
			projectRoot = "";
			targets = (
				417EE6C025CA059800FBD958 /* Chris Travels */,
				417EE6D125CA059D00FBD958 /* Chris TravelsTests */,
				417EE6DC25CA059D00FBD958 /* Chris TravelsUITests */,
			);
		};
/* End PBXProject section */

/* Begin PBXResourcesBuildPhase section */
		417EE6BF25CA059800FBD958 /* Resources */ = {
			isa = PBXResourcesBuildPhase;
			buildActionMask = 2147483647;
			files = (
				417EE6CC25CA059C00FBD958 /* Preview Assets.xcassets in Resources */,
				417EE6C925CA059C00FBD958 /* Assets.xcassets in Resources */,
			);
			runOnlyForDeploymentPostprocessing = 0;
		};
		417EE6D025CA059D00FBD958 /* Resources */ = {
			isa = PBXResourcesBuildPhase;
			buildActionMask = 2147483647;
			files = (
			);
			runOnlyForDeploymentPostprocessing = 0;
		};
		417EE6DB25CA059D00FBD958 /* Resources */ = {
			isa = PBXResourcesBuildPhase;
			buildActionMask = 2147483647;
			files = (
			);
			runOnlyForDeploymentPostprocessing = 0;
		};
/* End PBXResourcesBuildPhase section */

/* Begin PBXSourcesBuildPhase section */
		417EE6BD25CA059800FBD958 /* Sources */ = {
			isa = PBXSourcesBuildPhase;
			buildActionMask = 2147483647;
			files = (
				417EE6C725CA059800FBD958 /* ContentView.swift in Sources */,
				417EE6C525CA059800FBD958 /* Chris_TravelsApp.swift in Sources */,
			);
			runOnlyForDeploymentPostprocessing = 0;
		};
		417EE6CE25CA059D00FBD958 /* Sources */ = {
			isa = PBXSourcesBuildPhase;
			buildActionMask = 2147483647;
			files = (
				417EE6D725CA059D00FBD958 /* Chris_TravelsTests.swift in Sources */,
			);
			runOnlyForDeploymentPostprocessing = 0;
		};
		417EE6D925CA059D00FBD958 /* Sources */ = {
			isa = PBXSourcesBuildPhase;
			buildActionMask = 2147483647;
			files = (
				417EE6E225CA059D00FBD958 /* Chris_TravelsUITests.swift in Sources */,
			);
			runOnlyForDeploymentPostprocessing = 0;
		};
/* End PBXSourcesBuildPhase section */

/* Begin PBXTargetDependency section */
		417EE6D425CA059D00FBD958 /* PBXTargetDependency */ = {
			isa = PBXTargetDependency;
			target = 417EE6C025CA059800FBD958 /* Chris Travels */;
			targetProxy = 417EE6D325CA059D00FBD958 /* PBXContainerItemProxy */;
		};
		417EE6DF25CA059D00FBD958 /* PBXTargetDependency */ = {
			isa = PBXTargetDependency;
			target = 417EE6C025CA059800FBD958 /* Chris Travels */;
			targetProxy = 417EE6DE25CA059D00FBD958 /* PBXContainerItemProxy */;
		};
/* End PBXTargetDependency section */

/* Begin XCBuildConfiguration section */
		417EE6E425CA059D00FBD958 /* Debug */ = {
			isa = XCBuildConfiguration;
			buildSettings = {
				ALWAYS_SEARCH_USER_PATHS = NO;
				CLANG_ANALYZER_NONNULL = YES;
				CLANG_ANALYZER_NUMBER_OBJECT_CONVERSION = YES_AGGRESSIVE;
				CLANG_CXX_LANGUAGE_STANDARD = "gnu++14";
				CLANG_CXX_LIBRARY = "libc++";
				CLANG_ENABLE_MODULES = YES;
				CLANG_ENABLE_OBJC_ARC = YES;
				CLANG_ENABLE_OBJC_WEAK = YES;
				CLANG_WARN_BLOCK_CAPTURE_AUTORELEASING = YES;
				CLANG_WARN_BOOL_CONVERSION = YES;
				CLANG_WARN_COMMA = YES;
				CLANG_WARN_CONSTANT_CONVERSION = YES;
				CLANG_WARN_DEPRECATED_OBJC_IMPLEMENTATIONS = YES;
				CLANG_WARN_DIRECT_OBJC_ISA_USAGE = YES_ERROR;
				CLANG_WARN_DOCUMENTATION_COMMENTS = YES;
				CLANG_WARN_EMPTY_BODY = YES;
				CLANG_WARN_ENUM_CONVERSION = YES;
				CLANG_WARN_INFINITE_RECURSION = YES;
				CLANG_WARN_INT_CONVERSION = YES;
				CLANG_WARN_NON_LITERAL_NULL_CONVERSION = YES;
				CLANG_WARN_OBJC_IMPLICIT_RETAIN_SELF = YES;
				CLANG_WARN_OBJC_LITERAL_CONVERSION = YES;
				CLANG_WARN_OBJC_ROOT_CLASS = YES_ERROR;
				CLANG_WARN_QUOTED_INCLUDE_IN_FRAMEWORK_HEADER = YES;
				CLANG_WARN_RANGE_LOOP_ANALYSIS = YES;
				CLANG_WARN_STRICT_PROTOTYPES = YES;
				CLANG_WARN_SUSPICIOUS_MOVE = YES;
				CLANG_WARN_UNGUARDED_AVAILABILITY = YES_AGGRESSIVE;
				CLANG_WARN_UNREACHABLE_CODE = YES;
				CLANG_WARN__DUPLICATE_METHOD_MATCH = YES;
				COPY_PHASE_STRIP = NO;
				DEBUG_INFORMATION_FORMAT = dwarf;
				ENABLE_STRICT_OBJC_MSGSEND = YES;
				ENABLE_TESTABILITY = YES;
				GCC_C_LANGUAGE_STANDARD = gnu11;
				GCC_DYNAMIC_NO_PIC = NO;
				GCC_NO_COMMON_BLOCKS = YES;
				GCC_OPTIMIZATION_LEVEL = 0;
				GCC_PREPROCESSOR_DEFINITIONS = (
					"DEBUG=1",
					"$(inherited)",
				);
				GCC_WARN_64_TO_32_BIT_CONVERSION = YES;
				GCC_WARN_ABOUT_RETURN_TYPE = YES_ERROR;
				GCC_WARN_UNDECLARED_SELECTOR = YES;
				GCC_WARN_UNINITIALIZED_AUTOS = YES_AGGRESSIVE;
				GCC_WARN_UNUSED_FUNCTION = YES;
				GCC_WARN_UNUSED_VARIABLE = YES;
				IPHONEOS_DEPLOYMENT_TARGET = 14.4;
				MTL_ENABLE_DEBUG_INFO = INCLUDE_SOURCE;
				MTL_FAST_MATH = YES;
				ONLY_ACTIVE_ARCH = YES;
				SDKROOT = iphoneos;
				SWIFT_ACTIVE_COMPILATION_CONDITIONS = DEBUG;
				SWIFT_OPTIMIZATION_LEVEL = "-Onone";
			};
			name = Debug;
		};
		417EE6E525CA059D00FBD958 /* Release */ = {
			isa = XCBuildConfiguration;
			buildSettings = {
				ALWAYS_SEARCH_USER_PATHS = NO;
				CLANG_ANALYZER_NONNULL = YES;
				CLANG_ANALYZER_NUMBER_OBJECT_CONVERSION = YES_AGGRESSIVE;
				CLANG_CXX_LANGUAGE_STANDARD = "gnu++14";
				CLANG_CXX_LIBRARY = "libc++";
				CLANG_ENABLE_MODULES = YES;
				CLANG_ENABLE_OBJC_ARC = YES;
				CLANG_ENABLE_OBJC_WEAK = YES;
				CLANG_WARN_BLOCK_CAPTURE_AUTORELEASING = YES;
				CLANG_WARN_BOOL_CONVERSION = YES;
				CLANG_WARN_COMMA = YES;
				CLANG_WARN_CONSTANT_CONVERSION = YES;
				CLANG_WARN_DEPRECATED_OBJC_IMPLEMENTATIONS = YES;
				CLANG_WARN_DIRECT_OBJC_ISA_USAGE = YES_ERROR;
				CLANG_WARN_DOCUMENTATION_COMMENTS = YES;
				CLANG_WARN_EMPTY_BODY = YES;
				CLANG_WARN_ENUM_CONVERSION = YES;
				CLANG_WARN_INFINITE_RECURSION = YES;
				CLANG_WARN_INT_CONVERSION = YES;
				CLANG_WARN_NON_LITERAL_NULL_CONVERSION = YES;
				CLANG_WARN_OBJC_IMPLICIT_RETAIN_SELF = YES;
				CLANG_WARN_OBJC_LITERAL_CONVERSION = YES;
				CLANG_WARN_OBJC_ROOT_CLASS = YES_ERROR;
				CLANG_WARN_QUOTED_INCLUDE_IN_FRAMEWORK_HEADER = YES;
				CLANG_WARN_RANGE_LOOP_ANALYSIS = YES;
				CLANG_WARN_STRICT_PROTOTYPES = YES;
				CLANG_WARN_SUSPICIOUS_MOVE = YES;
				CLANG_WARN_UNGUARDED_AVAILABILITY = YES_AGGRESSIVE;
				CLANG_WARN_UNREACHABLE_CODE = YES;
				CLANG_WARN__DUPLICATE_METHOD_MATCH = YES;
				COPY_PHASE_STRIP = NO;
				DEBUG_INFORMATION_FORMAT = "dwarf-with-dsym";
				ENABLE_NS_ASSERTIONS = NO;
				ENABLE_STRICT_OBJC_MSGSEND = YES;
				GCC_C_LANGUAGE_STANDARD = gnu11;
				GCC_NO_COMMON_BLOCKS = YES;
				GCC_WARN_64_TO_32_BIT_CONVERSION = YES;
				GCC_WARN_ABOUT_RETURN_TYPE = YES_ERROR;
				GCC_WARN_UNDECLARED_SELECTOR = YES;
				GCC_WARN_UNINITIALIZED_AUTOS = YES_AGGRESSIVE;
				GCC_WARN_UNUSED_FUNCTION = YES;
				GCC_WARN_UNUSED_VARIABLE = YES;
				IPHONEOS_DEPLOYMENT_TARGET = 14.4;
				MTL_ENABLE_DEBUG_INFO = NO;
				MTL_FAST_MATH = YES;
				SDKROOT = iphoneos;
				SWIFT_COMPILATION_MODE = wholemodule;
				SWIFT_OPTIMIZATION_LEVEL = "-O";
				VALIDATE_PRODUCT = YES;
			};
			name = Release;
		};
		417EE6E725CA059D00FBD958 /* Debug */ = {
			isa = XCBuildConfiguration;
			buildSettings = {
				ASSETCATALOG_COMPILER_APPICON_NAME = AppIcon;
				ASSETCATALOG_COMPILER_GLOBAL_ACCENT_COLOR_NAME = AccentColor;
				CODE_SIGN_STYLE = Automatic;
				DEVELOPMENT_ASSET_PATHS = "\"Chris Travels/Preview Content\"";
				DEVELOPMENT_TEAM = CPDNCAZJQ6;
				ENABLE_PREVIEWS = YES;
				INFOPLIST_FILE = "Chris Travels/Info.plist";
				IPHONEOS_DEPLOYMENT_TARGET = 14.0;
				LD_RUNPATH_SEARCH_PATHS = (
					"$(inherited)",
					"@executable_path/Frameworks",
				);
				PRODUCT_BUNDLE_IDENTIFIER = "com.renatomateusx.Chris-Travels";
				PRODUCT_NAME = "$(TARGET_NAME)";
				SWIFT_VERSION = 5.0;
				TARGETED_DEVICE_FAMILY = "1,2";
			};
			name = Debug;
		};
		417EE6E825CA059D00FBD958 /* Release */ = {
			isa = XCBuildConfiguration;
			buildSettings = {
				ASSETCATALOG_COMPILER_APPICON_NAME = AppIcon;
				ASSETCATALOG_COMPILER_GLOBAL_ACCENT_COLOR_NAME = AccentColor;
				CODE_SIGN_STYLE = Automatic;
				DEVELOPMENT_ASSET_PATHS = "\"Chris Travels/Preview Content\"";
				DEVELOPMENT_TEAM = CPDNCAZJQ6;
				ENABLE_PREVIEWS = YES;
				INFOPLIST_FILE = "Chris Travels/Info.plist";
				IPHONEOS_DEPLOYMENT_TARGET = 14.0;
				LD_RUNPATH_SEARCH_PATHS = (
					"$(inherited)",
					"@executable_path/Frameworks",
				);
				PRODUCT_BUNDLE_IDENTIFIER = "com.renatomateusx.Chris-Travels";
				PRODUCT_NAME = "$(TARGET_NAME)";
				SWIFT_VERSION = 5.0;
				TARGETED_DEVICE_FAMILY = "1,2";
			};
			name = Release;
		};
		417EE6EA25CA059D00FBD958 /* Debug */ = {
			isa = XCBuildConfiguration;
			buildSettings = {
				ALWAYS_EMBED_SWIFT_STANDARD_LIBRARIES = YES;
				BUNDLE_LOADER = "$(TEST_HOST)";
				CODE_SIGN_STYLE = Automatic;
				DEVELOPMENT_TEAM = CPDNCAZJQ6;
				INFOPLIST_FILE = "Chris TravelsTests/Info.plist";
				IPHONEOS_DEPLOYMENT_TARGET = 14.0;
				LD_RUNPATH_SEARCH_PATHS = (
					"$(inherited)",
					"@executable_path/Frameworks",
					"@loader_path/Frameworks",
				);
				PRODUCT_BUNDLE_IDENTIFIER = "com.renatomateusx.Chris-TravelsTests";
				PRODUCT_NAME = "$(TARGET_NAME)";
				SWIFT_VERSION = 5.0;
				TARGETED_DEVICE_FAMILY = "1,2";
				TEST_HOST = "$(BUILT_PRODUCTS_DIR)/Chris Travels.app/Chris Travels";
			};
			name = Debug;
		};
		417EE6EB25CA059D00FBD958 /* Release */ = {
			isa = XCBuildConfiguration;
			buildSettings = {
				ALWAYS_EMBED_SWIFT_STANDARD_LIBRARIES = YES;
				BUNDLE_LOADER = "$(TEST_HOST)";
				CODE_SIGN_STYLE = Automatic;
				DEVELOPMENT_TEAM = CPDNCAZJQ6;
				INFOPLIST_FILE = "Chris TravelsTests/Info.plist";
				IPHONEOS_DEPLOYMENT_TARGET = 14.0;
				LD_RUNPATH_SEARCH_PATHS = (
					"$(inherited)",
					"@executable_path/Frameworks",
					"@loader_path/Frameworks",
				);
				PRODUCT_BUNDLE_IDENTIFIER = "com.renatomateusx.Chris-TravelsTests";
				PRODUCT_NAME = "$(TARGET_NAME)";
				SWIFT_VERSION = 5.0;
				TARGETED_DEVICE_FAMILY = "1,2";
				TEST_HOST = "$(BUILT_PRODUCTS_DIR)/Chris Travels.app/Chris Travels";
			};
			name = Release;
		};
		417EE6ED25CA059D00FBD958 /* Debug */ = {
			isa = XCBuildConfiguration;
			buildSettings = {
				ALWAYS_EMBED_SWIFT_STANDARD_LIBRARIES = YES;
				CODE_SIGN_STYLE = Automatic;
				DEVELOPMENT_TEAM = CPDNCAZJQ6;
				INFOPLIST_FILE = "Chris TravelsUITests/Info.plist";
				LD_RUNPATH_SEARCH_PATHS = (
					"$(inherited)",
					"@executable_path/Frameworks",
					"@loader_path/Frameworks",
				);
				PRODUCT_BUNDLE_IDENTIFIER = "com.renatomateusx.Chris-TravelsUITests";
				PRODUCT_NAME = "$(TARGET_NAME)";
				SWIFT_VERSION = 5.0;
				TARGETED_DEVICE_FAMILY = "1,2";
				TEST_TARGET_NAME = "Chris Travels";
			};
			name = Debug;
		};
		417EE6EE25CA059D00FBD958 /* Release */ = {
			isa = XCBuildConfiguration;
			buildSettings = {
				ALWAYS_EMBED_SWIFT_STANDARD_LIBRARIES = YES;
				CODE_SIGN_STYLE = Automatic;
				DEVELOPMENT_TEAM = CPDNCAZJQ6;
				INFOPLIST_FILE = "Chris TravelsUITests/Info.plist";
				LD_RUNPATH_SEARCH_PATHS = (
					"$(inherited)",
					"@executable_path/Frameworks",
					"@loader_path/Frameworks",
				);
				PRODUCT_BUNDLE_IDENTIFIER = "com.renatomateusx.Chris-TravelsUITests";
				PRODUCT_NAME = "$(TARGET_NAME)";
				SWIFT_VERSION = 5.0;
				TARGETED_DEVICE_FAMILY = "1,2";
				TEST_TARGET_NAME = "Chris Travels";
			};
			name = Release;
		};
/* End XCBuildConfiguration section */

/* Begin XCConfigurationList section */
		417EE6BC25CA059700FBD958 /* Build configuration list for PBXProject "Chris Travels" */ = {
			isa = XCConfigurationList;
			buildConfigurations = (
				417EE6E425CA059D00FBD958 /* Debug */,
				417EE6E525CA059D00FBD958 /* Release */,
			);
			defaultConfigurationIsVisible = 0;
			defaultConfigurationName = Release;
		};
		417EE6E625CA059D00FBD958 /* Build configuration list for PBXNativeTarget "Chris Travels" */ = {
			isa = XCConfigurationList;
			buildConfigurations = (
				417EE6E725CA059D00FBD958 /* Debug */,
				417EE6E825CA059D00FBD958 /* Release */,
			);
			defaultConfigurationIsVisible = 0;
			defaultConfigurationName = Release;
		};
		417EE6E925CA059D00FBD958 /* Build configuration list for PBXNativeTarget "Chris TravelsTests" */ = {
			isa = XCConfigurationList;
			buildConfigurations = (
				417EE6EA25CA059D00FBD958 /* Debug */,
				417EE6EB25CA059D00FBD958 /* Release */,
			);
			defaultConfigurationIsVisible = 0;
			defaultConfigurationName = Release;
		};
		417EE6EC25CA059D00FBD958 /* Build configuration list for PBXNativeTarget "Chris TravelsUITests" */ = {
			isa = XCConfigurationList;
			buildConfigurations = (
				417EE6ED25CA059D00FBD958 /* Debug */,
				417EE6EE25CA059D00FBD958 /* Release */,
			);
			defaultConfigurationIsVisible = 0;
			defaultConfigurationName = Release;
		};
/* End XCConfigurationList section */
	};
	rootObject = 417EE6B925CA059700FBD958 /* Project object */;
}
